{
  "name": "bonde-experiments",
  "version": "1.0.0",
  "lockfileVersion": 1,
  "requires": true,
  "dependencies": {
    "pnpm": {
      "version": "5.13.5",
      "resolved": "https://registry.npmjs.org/pnpm/-/pnpm-5.13.5.tgz",
      "integrity": "sha512-EJO8eYZyNpOvW+JhjBnLtxD2xcC6YlrzH8jxjETj8bevLATFa9vnGq614ada6o1XOIMq31JWtj1WyPJNogAzLA=="
    }
  }
}
