importers:
  .:
    dependencies:
      pnpm: 5.13.5
    specifiers:
      pnpm: ^5.13.5
lockfileVersion: 5.2
packages:
  /pnpm/5.13.5:
    dev: false
    engines:
      node: '>=10.16'
    hasBin: true
    resolution:
      integrity: sha512-EJO8eYZyNpOvW+JhjBnLtxD2xcC6YlrzH8jxjETj8bevLATFa9vnGq614ada6o1XOIMq31JWtj1WyPJNogAzLA==
